
Microsoft Visual Studio Solution File, Format Version 12.00
# Visual Studio 2013
VisualStudioVersion = 12.0.30723.0
MinimumVisualStudioVersion = 10.0.40219.1
Project("{FAE04EC0-301F-11D3-BF4B-00C04F79EFBC}") = "01_LaptopShop", "01_LaptopShop\01_LaptopShop.csproj", "{DE273542-8D57-479A-83CD-3926E2B148F7}"
EndProject
Project("{FAE04EC0-301F-11D3-BF4B-00C04F79EFBC}") = "02_PCCatalogue", "02_PCCatalogue\02_PCCatalogue.csproj", "{95970ED0-7AD3-45D2-85DA-58CB93F12EB6}"
EndProject
Global
	GlobalSection(SolutionConfigurationPlatforms) = preSolution
		Debug|Any CPU = Debug|Any CPU
		Release|Any CPU = Release|Any CPU
	EndGlobalSection
	GlobalSection(ProjectConfigurationPlatforms) = postSolution
		{DE273542-8D57-479A-83CD-3926E2B148F7}.Debug|Any CPU.ActiveCfg = Debug|Any CPU
		{DE273542-8D57-479A-83CD-3926E2B148F7}.Debug|Any CPU.Build.0 = Debug|Any CPU
		{DE273542-8D57-479A-83CD-3926E2B148F7}.Release|Any CPU.ActiveCfg = Release|Any CPU
		{DE273542-8D57-479A-83CD-3926E2B148F7}.Release|Any CPU.Build.0 = Release|Any CPU
		{95970ED0-7AD3-45D2-85DA-58CB93F12EB6}.Debug|Any CPU.ActiveCfg = Debug|Any CPU
		{95970ED0-7AD3-45D2-85DA-58CB93F12EB6}.Debug|Any CPU.Build.0 = Debug|Any CPU
		{95970ED0-7AD3-45D2-85DA-58CB93F12EB6}.Release|Any CPU.ActiveCfg = Release|Any CPU
		{95970ED0-7AD3-45D2-85DA-58CB93F12EB6}.Release|Any CPU.Build.0 = Release|Any CPU
	EndGlobalSection
	GlobalSection(SolutionProperties) = preSolution
		HideSolutionNode = FALSE
	EndGlobalSection
EndGlobal
