
Microsoft Visual Studio Solution File, Format Version 12.00
# Visual Studio 2013
VisualStudioVersion = 12.0.30723.0
MinimumVisualStudioVersion = 10.0.40219.1
Project("{FAE04EC0-301F-11D3-BF4B-00C04F79EFBC}") = "01_GalacticGPS", "01_GalacticGPS\01_GalacticGPS.csproj", "{B0593B47-2A4C-40C7-87C3-28A6DE1537E4}"
EndProject
Project("{FAE04EC0-301F-11D3-BF4B-00C04F79EFBC}") = "02_FractionCalculator", "02_FractionCalculator\02_FractionCalculator.csproj", "{150CF19E-2185-49BF-A886-7C6EA94D8D73}"
EndProject
Project("{FAE04EC0-301F-11D3-BF4B-00C04F79EFBC}") = "03_GenericList", "03_GenericList\03_GenericList.csproj", "{B2E58D61-6BC1-4EC8-AD91-DB01C8013C10}"
EndProject
Global
	GlobalSection(SolutionConfigurationPlatforms) = preSolution
		Debug|Any CPU = Debug|Any CPU
		Release|Any CPU = Release|Any CPU
	EndGlobalSection
	GlobalSection(ProjectConfigurationPlatforms) = postSolution
		{B0593B47-2A4C-40C7-87C3-28A6DE1537E4}.Debug|Any CPU.ActiveCfg = Debug|Any CPU
		{B0593B47-2A4C-40C7-87C3-28A6DE1537E4}.Debug|Any CPU.Build.0 = Debug|Any CPU
		{B0593B47-2A4C-40C7-87C3-28A6DE1537E4}.Release|Any CPU.ActiveCfg = Release|Any CPU
		{B0593B47-2A4C-40C7-87C3-28A6DE1537E4}.Release|Any CPU.Build.0 = Release|Any CPU
		{150CF19E-2185-49BF-A886-7C6EA94D8D73}.Debug|Any CPU.ActiveCfg = Debug|Any CPU
		{150CF19E-2185-49BF-A886-7C6EA94D8D73}.Debug|Any CPU.Build.0 = Debug|Any CPU
		{150CF19E-2185-49BF-A886-7C6EA94D8D73}.Release|Any CPU.ActiveCfg = Release|Any CPU
		{150CF19E-2185-49BF-A886-7C6EA94D8D73}.Release|Any CPU.Build.0 = Release|Any CPU
		{B2E58D61-6BC1-4EC8-AD91-DB01C8013C10}.Debug|Any CPU.ActiveCfg = Debug|Any CPU
		{B2E58D61-6BC1-4EC8-AD91-DB01C8013C10}.Debug|Any CPU.Build.0 = Debug|Any CPU
		{B2E58D61-6BC1-4EC8-AD91-DB01C8013C10}.Release|Any CPU.ActiveCfg = Release|Any CPU
		{B2E58D61-6BC1-4EC8-AD91-DB01C8013C10}.Release|Any CPU.Build.0 = Release|Any CPU
	EndGlobalSection
	GlobalSection(SolutionProperties) = preSolution
		HideSolutionNode = FALSE
	EndGlobalSection
EndGlobal
